{
  "lockfileVersion": 3,
  "name": "block-world",
  "packages": {
    "": {
      "devDependencies": {
        "fs": "^0.0.1-security",
        "json-format": "^1.0.1",
        "json-keys-sort": "^2.1.0",
        "path": "^0.12.7",
        "url": "^0.11.3"
      },
      "license": "MIT",
      "name": "block-world",
      "version": "a1.0.0"
    },
    "node_modules/call-bind": {
      "dependencies": {
        "function-bind": "^1.1.2",
        "get-intrinsic": "^1.2.1",
        "set-function-length": "^1.1.1"
      },
      "dev": true,
      "funding": {
        "url": "https://github.com/sponsors/ljharb"
      },
      "integrity": "sha512-C3nQxfFZxFRVoJoGKKI8y3MOEo129NQ+FgQ08iye+Mk4zNZZGdjfs06bVTr+DBSlA66Q2VEcMki/cUCP4SercQ==",
      "license": "MIT",
      "resolved": "https://registry.npmjs.org/call-bind/-/call-bind-1.0.5.tgz",
      "version": "1.0.5"
    },
    "node_modules/define-data-property": {
      "dependencies": {
        "get-intrinsic": "^1.2.1",
        "gopd": "^1.0.1",
        "has-property-descriptors": "^1.0.0"
      },
      "dev": true,
      "engines": {
        "node": ">= 0.4"
      },
      "integrity": "sha512-E7uGkTzkk1d0ByLeSc6ZsFS79Axg+m1P/VsgYsxHgiuc3tFSj+MjMIwe90FC4lOAZzNBdY7kkO2P2wKdsQ1vgQ==",
      "license": "MIT",
      "resolved": "https://registry.npmjs.org/define-data-property/-/define-data-property-1.1.1.tgz",
      "version": "1.1.1"
    },
    "node_modules/fs": {
      "dev": true,
      "integrity": "sha512-3XY9e1pP0CVEUCdj5BmfIZxRBTSDycnbqhIOGec9QYtmVH2fbLpj86CFWkrNOkt/Fvty4KZG5lTglL9j/gJ87w==",
      "resolved": "https://registry.npmjs.org/fs/-/fs-0.0.1-security.tgz",
      "version": "0.0.1-security"
    },
    "node_modules/function-bind": {
      "dev": true,
      "funding": {
        "url": "https://github.com/sponsors/ljharb"
      },
      "integrity": "sha512-7XHNxH7qX9xG5mIwxkhumTox/MIRNcOgDrxWsMt2pAr23WHp6MrRlN7FBSFpCpr+oVO0F744iUgR82nJMfG2SA==",
      "license": "MIT",
      "resolved": "https://registry.npmjs.org/function-bind/-/function-bind-1.1.2.tgz",
      "version": "1.1.2"
    },
    "node_modules/get-intrinsic": {
      "dependencies": {
        "function-bind": "^1.1.2",
        "has-proto": "^1.0.1",
        "has-symbols": "^1.0.3",
        "hasown": "^2.0.0"
      },
      "dev": true,
      "funding": {
        "url": "https://github.com/sponsors/ljharb"
      },
      "integrity": "sha512-0gSo4ml/0j98Y3lngkFEot/zhiCeWsbYIlZ+uZOVgzLyLaUw7wxUL+nCTP0XJvJg1AXulJRI3UJi8GsbDuxdGA==",
      "license": "MIT",
      "resolved": "https://registry.npmjs.org/get-intrinsic/-/get-intrinsic-1.2.2.tgz",
      "version": "1.2.2"
    },
    "node_modules/gopd": {
      "dependencies": {
        "get-intrinsic": "^1.1.3"
      },
      "dev": true,
      "funding": {
        "url": "https://github.com/sponsors/ljharb"
      },
      "integrity": "sha512-d65bNlIadxvpb/A2abVdlqKqV563juRnZ1Wtk6s1sIR8uNsXR70xqIzVqxVf1eTqDunwT2MkczEeaezCKTZhwA==",
      "license": "MIT",
      "resolved": "https://registry.npmjs.org/gopd/-/gopd-1.0.1.tgz",
      "version": "1.0.1"
    },
    "node_modules/has-property-descriptors": {
      "dependencies": {
        "get-intrinsic": "^1.2.2"
      },
      "dev": true,
      "funding": {
        "url": "https://github.com/sponsors/ljharb"
      },
      "integrity": "sha512-VsX8eaIewvas0xnvinAe9bw4WfIeODpGYikiWYLH+dma0Jw6KHYqWiWfhQlgOVK8D6PvjubK5Uc4P0iIhIcNVg==",
      "license": "MIT",
      "resolved": "https://registry.npmjs.org/has-property-descriptors/-/has-property-descriptors-1.0.1.tgz",
      "version": "1.0.1"
    },
    "node_modules/has-proto": {
      "dev": true,
      "engines": {
        "node": ">= 0.4"
      },
      "funding": {
        "url": "https://github.com/sponsors/ljharb"
      },
      "integrity": "sha512-7qE+iP+O+bgF9clE5+UoBFzE65mlBiVj3tKCrlNQ0Ogwm0BjpT/gK4SlLYDMybDh5I3TCTKnPPa0oMG7JDYrhg==",
      "license": "MIT",
      "resolved": "https://registry.npmjs.org/has-proto/-/has-proto-1.0.1.tgz",
      "version": "1.0.1"
    },
    "node_modules/has-symbols": {
      "dev": true,
      "engines": {
        "node": ">= 0.4"
      },
      "funding": {
        "url": "https://github.com/sponsors/ljharb"
      },
      "integrity": "sha512-l3LCuF6MgDNwTDKkdYGEihYjt5pRPbEg46rtlmnSPlUbgmB8LOIrKJbYYFBSbnPaJexMKtiPO8hmeRjRz2Td+A==",
      "license": "MIT",
      "resolved": "https://registry.npmjs.org/has-symbols/-/has-symbols-1.0.3.tgz",
      "version": "1.0.3"
    },
    "node_modules/hasown": {
      "dependencies": {
        "function-bind": "^1.1.2"
      },
      "dev": true,
      "engines": {
        "node": ">= 0.4"
      },
      "integrity": "sha512-vUptKVTpIJhcczKBbgnS+RtcuYMB8+oNzPK2/Hp3hanz8JmpATdmmgLgSaadVREkDm+e2giHwY3ZRkyjSIDDFA==",
      "license": "MIT",
      "resolved": "https://registry.npmjs.org/hasown/-/hasown-2.0.0.tgz",
      "version": "2.0.0"
    },
    "node_modules/inherits": {
      "dev": true,
      "integrity": "sha512-x00IRNXNy63jwGkJmzPigoySHbaqpNuzKbBOmzK+g2OdZpQ9w+sxCN+VSB3ja7IAge2OP2qpfxTjeNcyjmW1uw==",
      "license": "ISC",
      "resolved": "https://registry.npmjs.org/inherits/-/inherits-2.0.3.tgz",
      "version": "2.0.3"
    },
    "node_modules/json-format": {
      "dev": true,
      "integrity": "sha512-MoKIg/lBeQALqjYnqEanikfo3zBKRwclpXJexdF0FUniYAAN2ypEIXBEtpQb+9BkLFtDK1fyTLAsnGlyGfLGxw==",
      "resolved": "https://registry.npmjs.org/json-format/-/json-format-1.0.1.tgz",
      "version": "1.0.1"
    },
    "node_modules/json-keys-sort": {
      "dev": true,
      "integrity": "sha512-Xo8Ep77w1K+GZ2DZ7S74Pyjlgqr3RP2tgFPDinwl5Z6YOculeDUJKosPScNzEZkhCvDD4W81r3qY7cWN+n98RQ==",
      "resolved": "https://registry.npmjs.org/json-keys-sort/-/json-keys-sort-2.1.0.tgz",
      "version": "2.1.0"
    },
    "node_modules/object-inspect": {
      "dev": true,
      "funding": {
        "url": "https://github.com/sponsors/ljharb"
      },
      "integrity": "sha512-5qoj1RUiKOMsCCNLV1CBiPYE10sziTsnmNxkAI/rZhiD63CF7IqdFGC/XzjWjpSgLf0LxXX3bDFIh0E18f6UhQ==",
      "license": "MIT",
      "resolved": "https://registry.npmjs.org/object-inspect/-/object-inspect-1.13.1.tgz",
      "version": "1.13.1"
    },
    "node_modules/path": {
      "dependencies": {
        "process": "^0.11.1",
        "util": "^0.10.3"
      },
      "dev": true,
      "integrity": "sha512-aXXC6s+1w7otVF9UletFkFcDsJeO7lSZBPUQhtb5O0xJe8LtYhj/GxldoL09bBj9+ZmE2hNoHqQSFMN5fikh4Q==",
      "license": "MIT",
      "resolved": "https://registry.npmjs.org/path/-/path-0.12.7.tgz",
      "version": "0.12.7"
    },
    "node_modules/process": {
      "dev": true,
      "engines": {
        "node": ">= 0.6.0"
      },
      "integrity": "sha512-cdGef/drWFoydD1JsMzuFf8100nZl+GT+yacc2bEced5f9Rjk4z+WtFUTBu9PhOi9j/jfmBPu0mMEY4wIdAF8A==",
      "license": "MIT",
      "resolved": "https://registry.npmjs.org/process/-/process-0.11.10.tgz",
      "version": "0.11.10"
    },
    "node_modules/punycode": {
      "dev": true,
      "integrity": "sha512-jmYNElW7yvO7TV33CjSmvSiE2yco3bV2czu/OzDKdMNVZQWfxCblURLhf+47syQRBntjfLdd/H0egrzIG+oaFQ==",
      "license": "MIT",
      "resolved": "https://registry.npmjs.org/punycode/-/punycode-1.4.1.tgz",
      "version": "1.4.1"
    },
    "node_modules/qs": {
      "dependencies": {
        "side-channel": "^1.0.4"
      },
      "dev": true,
      "engines": {
        "node": ">=0.6"
      },
      "funding": {
        "url": "https://github.com/sponsors/ljharb"
      },
      "integrity": "sha512-tDNIz22aBzCDxLtVH++VnTfzxlfeK5CbqohpSqpJgj1Wg/cQbStNAz3NuqCs5vV+pjBsK4x4pN9HlVh7rcYRiA==",
      "license": "BSD-3-Clause",
      "resolved": "https://registry.npmjs.org/qs/-/qs-6.11.2.tgz",
      "version": "6.11.2"
    },
    "node_modules/set-function-length": {
      "dependencies": {
        "define-data-property": "^1.1.1",
        "get-intrinsic": "^1.2.1",
        "gopd": "^1.0.1",
        "has-property-descriptors": "^1.0.0"
      },
      "dev": true,
      "engines": {
        "node": ">= 0.4"
      },
      "integrity": "sha512-VoaqjbBJKiWtg4yRcKBQ7g7wnGnLV3M8oLvVWwOk2PdYY6PEFegR1vezXR0tw6fZGF9csVakIRjrJiy2veSBFQ==",
      "license": "MIT",
      "resolved": "https://registry.npmjs.org/set-function-length/-/set-function-length-1.1.1.tgz",
      "version": "1.1.1"
    },
    "node_modules/side-channel": {
      "dependencies": {
        "call-bind": "^1.0.0",
        "get-intrinsic": "^1.0.2",
        "object-inspect": "^1.9.0"
      },
      "dev": true,
      "funding": {
        "url": "https://github.com/sponsors/ljharb"
      },
      "integrity": "sha512-q5XPytqFEIKHkGdiMIrY10mvLRvnQh42/+GoBlFW3b2LXLE2xxJpZFdm94we0BaoV3RwJyGqg5wS7epxTv0Zvw==",
      "license": "MIT",
      "resolved": "https://registry.npmjs.org/side-channel/-/side-channel-1.0.4.tgz",
      "version": "1.0.4"
    },
    "node_modules/url": {
      "dependencies": {
        "punycode": "^1.4.1",
        "qs": "^6.11.2"
      },
      "dev": true,
      "integrity": "sha512-6hxOLGfZASQK/cijlZnZJTq8OXAkt/3YGfQX45vvMYXpZoo8NdWZcY73K108Jf759lS1Bv/8wXnHDTSz17dSRw==",
      "license": "MIT",
      "resolved": "https://registry.npmjs.org/url/-/url-0.11.3.tgz",
      "version": "0.11.3"
    },
    "node_modules/util": {
      "dependencies": {
        "inherits": "2.0.3"
      },
      "dev": true,
      "integrity": "sha512-0Pm9hTQ3se5ll1XihRic3FDIku70C+iHUdT/W926rSgHV5QgXsYbKZN8MSC3tJtSkhuROzvsQjAaFENRXr+19A==",
      "license": "MIT",
      "resolved": "https://registry.npmjs.org/util/-/util-0.10.4.tgz",
      "version": "0.10.4"
    }
  },
  "requires": true,
  "version": "a1.0.0"
}
